{
    "_readme": [
        "This file locks the dependencies of your project to a known state",
        "Read more about it at https://getcomposer.org/doc/01-basic-usage.md#installing-dependencies",
        "This file is @generated automatically"
    ],
    "content-hash": "462caff861313aa5a61a7778ee2a1247",
    "packages": [
        {
            "name": "mk-j/php_xlsxwriter",
            "version": "0.38",
            "source": {
                "type": "git",
                "url": "https://github.com/mk-j/PHP_XLSXWriter.git",
                "reference": "00579529fea072851789505b2dec0d14cdfffe60"
            },
            "dist": {
                "type": "zip",
                "url": "https://api.github.com/repos/mk-j/PHP_XLSXWriter/zipball/00579529fea072851789505b2dec0d14cdfffe60",
                "reference": "00579529fea072851789505b2dec0d14cdfffe60",
                "shasum": ""
            },
            "require": {
                "ext-zip": "*",
                "php": ">=5.2.1"
            },
            "require-dev": {
                "phpunit/phpunit": "4.3.*"
            },
            "type": "project",
            "autoload": {
                "classmap": [
                    "xlsxwriter.class.php"
                ]
            },
            "notification-url": "https://packagist.org/downloads/",
            "license": [
                "MIT"
            ],
            "description": "PHP Library to write XLSX files",
            "homepage": "https://github.com/mk-j/PHP_XLSXWriter",
            "keywords": [
                "excel",
                "library",
                "php",
                "xls",
                "xlsx"
            ],
            "time": "2020-01-11T02:53:20+00:00"
        },
        {
            "name": "shuchkin/simplexlsxgen",
            "version": "0.9.19",
            "source": {
                "type": "git",
                "url": "https://github.com/shuchkin/simplexlsxgen.git",
                "reference": "a551f6485b1b408dd92f63c09f9c77d72551d7dd"
            },
            "dist": {
                "type": "zip",
                "url": "https://api.github.com/repos/shuchkin/simplexlsxgen/zipball/a551f6485b1b408dd92f63c09f9c77d72551d7dd",
                "reference": "a551f6485b1b408dd92f63c09f9c77d72551d7dd",
                "shasum": ""
            },
            "require": {
                "ext-mbstring": "*",
                "ext-zlib": "*"
            },
            "type": "library",
            "autoload": {
                "classmap": [
                    "src/SimpleXLSXGen.php"
                ]
            },
            "notification-url": "https://packagist.org/downloads/",
            "license": [
                "MIT"
            ],
            "authors": [
                {
                    "name": "Sergey Shuchkin (SMSPILOT)",
                    "email": "sergey.shuchkin@gmail.com",
                    "homepage": "https://shuchkin.ru/"
                }
            ],
            "description": "Export data to Excel XLSx file. PHP XLSX generator.",
            "homepage": "https://github.com/shuchkin/simplexlsxgen",
            "keywords": [
                "backend",
                "creator",
                "excel",
                "generator",
                "php",
                "xlsx"
            ],
            "time": "2020-08-23T09:07:29+00:00"
        }
    ],
    "packages-dev": [],
    "aliases": [],
    "minimum-stability": "stable",
    "stability-flags": [],
    "prefer-stable": false,
    "prefer-lowest": false,
    "platform": [],
    "platform-dev": [],
    "plugin-api-version": "1.1.0"
}
